
Microsoft Visual Studio Solution File, Format Version 12.00
# Visual Studio Version 17
VisualStudioVersion = 17.1.32228.430
MinimumVisualStudioVersion = 10.0.40219.1
Project("{FAE04EC0-301F-11D3-BF4B-00C04F79EFBC}") = "app-code", "app-code\app-code.csproj", "{5C51A6C6-2CB0-4519-AF69-FC122ACC4D2E}"
EndProject
Global
	GlobalSection(SolutionConfigurationPlatforms) = preSolution
		Debug|Any CPU = Debug|Any CPU
		Release|Any CPU = Release|Any CPU
	EndGlobalSection
	GlobalSection(ProjectConfigurationPlatforms) = postSolution
		{5C51A6C6-2CB0-4519-AF69-FC122ACC4D2E}.Debug|Any CPU.ActiveCfg = Debug|Any CPU
		{5C51A6C6-2CB0-4519-AF69-FC122ACC4D2E}.Debug|Any CPU.Build.0 = Debug|Any CPU
		{5C51A6C6-2CB0-4519-AF69-FC122ACC4D2E}.Release|Any CPU.ActiveCfg = Release|Any CPU
		{5C51A6C6-2CB0-4519-AF69-FC122ACC4D2E}.Release|Any CPU.Build.0 = Release|Any CPU
	EndGlobalSection
	GlobalSection(SolutionProperties) = preSolution
		HideSolutionNode = FALSE
	EndGlobalSection
	GlobalSection(ExtensibilityGlobals) = postSolution
		SolutionGuid = {FB5DFC59-B70D-4747-A847-C770158CD240}
	EndGlobalSection
EndGlobal
